schema: '2.0'
stages:
  preprocess:
    cmd: python preprocess.py
    deps:
    - path: preprocess.py
      hash: md5
      md5: 60b6ab524763ffd4d0e84d5d7ac3fd9d
      size: 1781
    outs:
    - path: data/raw_data.csv
      hash: md5
      md5: f7dcfd8fd39d9bc225052385dccec007
      size: 453888
    - path: data/test.csv
      hash: md5
      md5: 707339fd80a8bd1b834d7002dcaf081c
      size: 184363
    - path: data/train.csv
      hash: md5
      md5: 86f47f754c82ddc61cee517551210e7e
      size: 736566
  train:
    cmd: python train.py
    deps:
    - path: data/train.csv
      hash: md5
      md5: 86f47f754c82ddc61cee517551210e7e
      size: 736566
    - path: train.py
      hash: md5
      md5: 73797bad0264e61aed044106e1c32a86
      size: 492
    outs:
    - path: models/model.pkl
      hash: md5
      md5: 8bcb939678cb86b325b83c2ea4657b8e
      size: 50601
  validate:
    cmd: python validate.py
    deps:
    - path: data/test.csv
      hash: md5
      md5: 707339fd80a8bd1b834d7002dcaf081c
      size: 184363
    - path: models/model.pkl
      hash: md5
      md5: 8bcb939678cb86b325b83c2ea4657b8e
      size: 50601
    - path: validate.py
      hash: md5
      md5: 2ceccdb893c65b1bfdb14ca88c3d0196
      size: 922
    outs:
    - path: confusion_matrix.png
      hash: md5
      md5: 8fff9454f253c6f6a2dd0b022000ceb6
      size: 19707
    - path: metrics.json
      hash: md5
      md5: 0c000d9c13362c80897010e69e820f8e
      size: 37
