schema: '2.0'
stages:
  preprocess:
    cmd: python preprocess.py
    deps:
    - path: preprocess.py
      hash: md5
      md5: 60b6ab524763ffd4d0e84d5d7ac3fd9d
      size: 1781
    outs:
    - path: data/raw_data.csv
      hash: md5
      md5: f7dcfd8fd39d9bc225052385dccec007
      size: 453888
    - path: data/test.csv
      hash: md5
      md5: 707339fd80a8bd1b834d7002dcaf081c
      size: 184363
    - path: data/train.csv
      hash: md5
      md5: 86f47f754c82ddc61cee517551210e7e
      size: 736566
  train:
    cmd: python train.py
    deps:
    - path: data/train.csv
      hash: md5
      md5: 86f47f754c82ddc61cee517551210e7e
      size: 736566
    - path: train.py
      hash: md5
      md5: 4915c63aa0a0d1daaa58b161916f23d4
      size: 498
    outs:
    - path: models/model.pkl
      hash: md5
      md5: 4af5d8fa90f97097120406f1815a2cc1
      size: 6706665
  validate:
    cmd: python validate.py
    deps:
    - path: data/test.csv
      hash: md5
      md5: 707339fd80a8bd1b834d7002dcaf081c
      size: 184363
    - path: models/model.pkl
      hash: md5
      md5: 4af5d8fa90f97097120406f1815a2cc1
      size: 6706665
    - path: validate.py
      hash: md5
      md5: 2ceccdb893c65b1bfdb14ca88c3d0196
      size: 922
    outs:
    - path: confusion_matrix.png
      hash: md5
      md5: 88d2188f4e126a07a6f742c55c2f65af
      size: 19736
    - path: metrics.json
      hash: md5
      md5: e3abad93db5aa95d8eeab503e62ede61
      size: 37
